<?xml version="1.0" encoding="utf-8"?>
<Project ToolsVersion="4.0" xmlns="http://schemas.microsoft.com/developer/msbuild/2003">
  <ItemGroup>
    <Filter Include="源文件">
      <UniqueIdentifier>{4FC737F1-C7A5-4376-A066-2A32D752A2FF}</UniqueIdentifier>
      <Extensions>cpp;c;cc;cxx;def;odl;idl;hpj;bat;asm;asmx</Extensions>
    </Filter>
    <Filter Include="头文件">
      <UniqueIdentifier>{93995380-89BD-4b04-88EB-625FBE52EBFB}</UniqueIdentifier>
      <Extensions>h;hpp;hxx;hm;inl;inc;xsd</Extensions>
    </Filter>
    <Filter Include="资源文件">
      <UniqueIdentifier>{67DA6AB6-F800-4c08-8B7A-83BB121AAD01}</UniqueIdentifier>
      <Extensions>rc;ico;cur;bmp;dlg;rc2;rct;bin;rgs;gif;jpg;jpeg;jpe;resx;tiff;tif;png;wav;mfcribbon-ms</Extensions>
    </Filter>
  </ItemGroup>
  <ItemGroup>
    <Text Include="ReadMe.txt" />
  </ItemGroup>
  <ItemGroup>
    <ClInclude Include="WAEF.h">
      <Filter>头文件</Filter>
    </ClInclude>
    <ClInclude Include="stdafx.h">
      <Filter>头文件</Filter>
    </ClInclude>
    <ClInclude Include="targetver.h">
      <Filter>头文件</Filter>
    </ClInclude>
    <ClInclude Include="MainFrm.h">
      <Filter>头文件</Filter>
    </ClInclude>
    <ClInclude Include="WAEFView.h">
      <Filter>头文件</Filter>
    </ClInclude>
    <ClInclude Include="WAEFSet.h">
      <Filter>头文件</Filter>
    </ClInclude>
    <ClInclude Include="Resource.h">
      <Filter>头文件</Filter>
    </ClInclude>
    <ClInclude Include="InfoCollView.h">
      <Filter>头文件</Filter>
    </ClInclude>
    <ClInclude Include="InfoCollMdl.h">
      <Filter>头文件</Filter>
    </ClInclude>
    <ClInclude Include="config.h">
      <Filter>头文件</Filter>
    </ClInclude>
    <ClInclude Include="ToolMdl.h">
      <Filter>头文件</Filter>
    </ClInclude>
    <ClInclude Include="NetSpider.h">
      <Filter>头文件</Filter>
    </ClInclude>
    <ClInclude Include="WeakScanView.h">
      <Filter>头文件</Filter>
    </ClInclude>
    <ClInclude Include="SiteSpiderView.h">
      <Filter>头文件</Filter>
    </ClInclude>
    <ClInclude Include="SiteSpiderMdl.h">
      <Filter>头文件</Filter>
    </ClInclude>
    <ClInclude Include="WAEFHtmlView.h">
      <Filter>头文件</Filter>
    </ClInclude>
    <ClInclude Include="WeakScanMdl.h">
      <Filter>头文件</Filter>
    </ClInclude>
    <ClInclude Include="WeakReportMdl.h">
      <Filter>头文件</Filter>
    </ClInclude>
    <ClInclude Include="WeakReportView.h">
      <Filter>头文件</Filter>
    </ClInclude>
    <ClInclude Include="SplashDlg.h">
      <Filter>头文件</Filter>
    </ClInclude>
    <ClInclude Include="md5.h">
      <Filter>头文件</Filter>
    </ClInclude>
    <ClInclude Include="DeepScanView.h">
      <Filter>头文件</Filter>
    </ClInclude>
    <ClInclude Include="AssisToolView.h">
      <Filter>头文件</Filter>
    </ClInclude>
    <ClInclude Include="CodeAuditView.h">
      <Filter>头文件</Filter>
    </ClInclude>
    <ClInclude Include="HttpDebugView.h">
      <Filter>头文件</Filter>
    </ClInclude>
    <ClInclude Include="UpdateDlg.h">
      <Filter>头文件</Filter>
    </ClInclude>
    <ClInclude Include="WeakPluginView.h">
      <Filter>头文件</Filter>
    </ClInclude>
    <ClInclude Include="DeepScanMdl.h">
      <Filter>头文件</Filter>
    </ClInclude>
    <ClInclude Include="WeakPluginMdl.h">
      <Filter>头文件</Filter>
    </ClInclude>
    <ClInclude Include="HttpDebugMdl.h">
      <Filter>头文件</Filter>
    </ClInclude>
    <ClInclude Include="plugin.h">
      <Filter>头文件</Filter>
    </ClInclude>
    <ClInclude Include="CodeAuditMdl.h">
      <Filter>头文件</Filter>
    </ClInclude>
    <ClInclude Include="HttpProxy.h">
      <Filter>头文件</Filter>
    </ClInclude>
    <ClInclude Include="AssisToolMdl.h">
      <Filter>头文件</Filter>
    </ClInclude>
    <ClInclude Include="SettingDlg.h">
      <Filter>头文件</Filter>
    </ClInclude>
    <ClInclude Include="ExploitModule.h">
      <Filter>头文件</Filter>
    </ClInclude>
  </ItemGroup>
  <ItemGroup>
    <ClCompile Include="WAEF.cpp">
      <Filter>源文件</Filter>
    </ClCompile>
    <ClCompile Include="stdafx.cpp">
      <Filter>源文件</Filter>
    </ClCompile>
    <ClCompile Include="MainFrm.cpp">
      <Filter>源文件</Filter>
    </ClCompile>
    <ClCompile Include="WAEFDoc.cpp">
      <Filter>源文件</Filter>
    </ClCompile>
    <ClCompile Include="WAEFView.cpp">
      <Filter>源文件</Filter>
    </ClCompile>
    <ClCompile Include="WAEFSet.cpp">
      <Filter>源文件</Filter>
    </ClCompile>
    <ClCompile Include="InfoCollView.cpp">
      <Filter>源文件</Filter>
    </ClCompile>
    <ClCompile Include="InfoCollMdl.cpp">
      <Filter>源文件</Filter>
    </ClCompile>
    <ClCompile Include="ToolMdl.cpp">
      <Filter>源文件</Filter>
    </ClCompile>
    <ClCompile Include="NetSpider.cpp">
      <Filter>源文件</Filter>
    </ClCompile>
    <ClCompile Include="WeakScanView.cpp">
      <Filter>源文件</Filter>
    </ClCompile>
    <ClCompile Include="SiteSpiderView.cpp">
      <Filter>源文件</Filter>
    </ClCompile>
    <ClCompile Include="SiteSpiderMdl.cpp">
      <Filter>源文件</Filter>
    </ClCompile>
    <ClCompile Include="WAEFHtmlView.cpp">
      <Filter>源文件</Filter>
    </ClCompile>
    <ClCompile Include="WeakScanMdl.cpp">
      <Filter>源文件</Filter>
    </ClCompile>
    <ClCompile Include="WeakReportMdl.cpp">
      <Filter>源文件</Filter>
    </ClCompile>
    <ClCompile Include="WeakReportView.cpp">
      <Filter>源文件</Filter>
    </ClCompile>
    <ClCompile Include="SplashDlg.cpp">
      <Filter>源文件</Filter>
    </ClCompile>
    <ClCompile Include="md5.cpp">
      <Filter>源文件</Filter>
    </ClCompile>
    <ClCompile Include="tinyxml\tinyxml.cpp">
      <Filter>源文件</Filter>
    </ClCompile>
    <ClCompile Include="tinyxml\tinyxmlparser.cpp">
      <Filter>源文件</Filter>
    </ClCompile>
    <ClCompile Include="tinyxml\tinystr.cpp">
      <Filter>源文件</Filter>
    </ClCompile>
    <ClCompile Include="tinyxml\tinyxmlerror.cpp">
      <Filter>源文件</Filter>
    </ClCompile>
    <ClCompile Include="DeepScanView.cpp">
      <Filter>源文件</Filter>
    </ClCompile>
    <ClCompile Include="AssisToolView.cpp">
      <Filter>源文件</Filter>
    </ClCompile>
    <ClCompile Include="CodeAuditView.cpp">
      <Filter>源文件</Filter>
    </ClCompile>
    <ClCompile Include="HttpDebugView.cpp">
      <Filter>源文件</Filter>
    </ClCompile>
    <ClCompile Include="SettingDlg.cpp">
      <Filter>源文件</Filter>
    </ClCompile>
    <ClCompile Include="UpdateDlg.cpp">
      <Filter>源文件</Filter>
    </ClCompile>
    <ClCompile Include="WeakPluginView.cpp">
      <Filter>源文件</Filter>
    </ClCompile>
    <ClCompile Include="DeepScanMdl.cpp">
      <Filter>源文件</Filter>
    </ClCompile>
    <ClCompile Include="WeakPluginMdl.cpp">
      <Filter>源文件</Filter>
    </ClCompile>
    <ClCompile Include="HttpDebugMdl.cpp">
      <Filter>源文件</Filter>
    </ClCompile>
    <ClCompile Include="CodeAuditMdl.cpp">
      <Filter>源文件</Filter>
    </ClCompile>
    <ClCompile Include="HttpProxy.cpp">
      <Filter>源文件</Filter>
    </ClCompile>
    <ClCompile Include="plugin.cpp">
      <Filter>源文件</Filter>
    </ClCompile>
    <ClCompile Include="AssisToolMdl.cpp">
      <Filter>源文件</Filter>
    </ClCompile>
    <ClCompile Include="ExploitModule.cpp">
      <Filter>源文件</Filter>
    </ClCompile>
  </ItemGroup>
  <ItemGroup>
    <ResourceCompile Include="WAEF.rc">
      <Filter>资源文件</Filter>
    </ResourceCompile>
  </ItemGroup>
  <ItemGroup>
    <None Include="res\WAEF.rc2">
      <Filter>资源文件</Filter>
    </None>
    <None Include="..\..\..\..\..\..\resource\图标\dreamware\skin1.bin">
      <Filter>资源文件</Filter>
    </None>
    <None Include="..\..\..\..\..\..\resource\图标\dreamware\skin2.bin">
      <Filter>资源文件</Filter>
    </None>
    <None Include="res\［X.o］-MSN.she" />
  </ItemGroup>
  <ItemGroup>
    <Image Include="res\WAEFDoc.ico">
      <Filter>资源文件</Filter>
    </Image>
    <Image Include="res\WAEF.ico">
      <Filter>资源文件</Filter>
    </Image>
    <Image Include="res\Toolbar.bmp">
      <Filter>资源文件</Filter>
    </Image>
    <Image Include="..\..\..\..\..\..\Resource\图标\273.ico">
      <Filter>资源文件</Filter>
    </Image>
    <Image Include="..\..\..\..\..\..\Resource\图标\0002.ico">
      <Filter>资源文件</Filter>
    </Image>
    <Image Include="..\..\..\..\..\..\Resource\图标\0014.ico">
      <Filter>资源文件</Filter>
    </Image>
    <Image Include="..\..\..\..\..\..\Resource\图标\1000.ico">
      <Filter>资源文件</Filter>
    </Image>
    <Image Include="..\..\..\..\..\..\Resource\图标\4000.ico">
      <Filter>资源文件</Filter>
    </Image>
    <Image Include="..\..\..\..\..\..\resource\图标\icon1.ico">
      <Filter>资源文件</Filter>
    </Image>
    <Image Include="..\..\..\..\..\..\resource\图标\icon2.ico">
      <Filter>资源文件</Filter>
    </Image>
    <Image Include="..\..\..\..\..\..\resource\图标\ico00001.ico">
      <Filter>资源文件</Filter>
    </Image>
    <Image Include="..\..\..\..\..\..\resource\图标\ico00002.ico">
      <Filter>资源文件</Filter>
    </Image>
    <Image Include="..\..\..\..\..\..\resource\图标\ico00003.ico">
      <Filter>资源文件</Filter>
    </Image>
    <Image Include="..\..\..\..\..\..\Resource\图标\Dreamware\458.ico">
      <Filter>资源文件</Filter>
    </Image>
    <Image Include="..\..\..\..\..\..\Resource\图标\Dreamware\433.ico">
      <Filter>资源文件</Filter>
    </Image>
    <Image Include="..\..\..\..\..\..\Resource\图标\Dreamware\434.ico">
      <Filter>资源文件</Filter>
    </Image>
    <Image Include="..\..\..\..\..\..\Resource\图标\Dreamware\451.ico">
      <Filter>资源文件</Filter>
    </Image>
    <Image Include="..\..\..\..\..\..\Resource\图标\Dreamware\452.ico">
      <Filter>资源文件</Filter>
    </Image>
    <Image Include="..\..\..\..\..\..\Resource\图标\Dreamware\453.ico">
      <Filter>资源文件</Filter>
    </Image>
    <Image Include="..\..\..\..\..\..\Resource\图标\Dreamware\455.ico">
      <Filter>资源文件</Filter>
    </Image>
    <Image Include="..\..\..\..\..\..\Resource\图标\Dreamware\456.ico">
      <Filter>资源文件</Filter>
    </Image>
    <Image Include="..\..\..\..\..\..\Resource\图标\Dreamware\457.ico">
      <Filter>资源文件</Filter>
    </Image>
    <Image Include="..\..\..\..\..\..\Resource\图标\Dreamware\459.ico">
      <Filter>资源文件</Filter>
    </Image>
    <Image Include="..\..\..\..\..\..\Resource\图标\Dreamware\460.ico">
      <Filter>资源文件</Filter>
    </Image>
    <Image Include="..\..\..\..\..\..\Resource\图标\Dreamware\461.ico">
      <Filter>资源文件</Filter>
    </Image>
    <Image Include="..\..\..\..\..\..\Resource\图标\Dreamware\462.ico">
      <Filter>资源文件</Filter>
    </Image>
    <Image Include="..\..\..\..\..\..\Resource\图标\Dreamware\463.ico">
      <Filter>资源文件</Filter>
    </Image>
    <Image Include="c:\Users\Administrator\Desktop\无标题.png">
      <Filter>资源文件</Filter>
    </Image>
    <Image Include="c:\Users\Administrator\Desktop\无标题.bmp">
      <Filter>资源文件</Filter>
    </Image>
    <Image Include="res\无标题.bmp">
      <Filter>资源文件</Filter>
    </Image>
    <Image Include="..\..\..\..\..\..\Resource\图标\0017.ico">
      <Filter>资源文件</Filter>
    </Image>
    <Image Include="res\vuln-green.png">
      <Filter>资源文件</Filter>
    </Image>
    <Image Include="res\vuln-orange.png">
      <Filter>资源文件</Filter>
    </Image>
    <Image Include="res\vuln-red.png">
      <Filter>资源文件</Filter>
    </Image>
    <Image Include="..\..\..\..\..\..\resource\图标\dreamware\icon2.ico">
      <Filter>资源文件</Filter>
    </Image>
    <Image Include="..\..\..\..\..\..\resource\图标\dreamware\icon_gre.ico">
      <Filter>资源文件</Filter>
    </Image>
    <Image Include="..\..\..\..\..\..\resource\图标\dreamware\ico00001.ico">
      <Filter>资源文件</Filter>
    </Image>
    <Image Include="..\..\..\..\..\..\resource\图标\dreamware\ico00002.ico">
      <Filter>资源文件</Filter>
    </Image>
    <Image Include="..\..\..\..\..\..\resource\图标\dreamware\icon3.ico">
      <Filter>资源文件</Filter>
    </Image>
  </ItemGroup>
</Project>